[[package]]
name = "psycopg"
version = "3.0.11"
description = "PostgreSQL database adapter for Python"
category = "main"
optional = false
python-versions = ">=3.6"

[package.dependencies]
psycopg-binary = {version = "3.0.11", optional = true, markers = "extra == \"binary\""}
tzdata = {version = "*", markers = "sys_platform == \"win32\""}

[package.extras]
binary = ["psycopg-binary (==3.0.11)"]
c = ["psycopg-c (==3.0.11)"]
dev = ["black (>=22.3.0)", "dnspython (>=2.1)", "flake8 (>=4.0)", "mypy (>=0.920,!=0.930,!=0.931)", "types-setuptools (>=57.4)", "wheel (>=0.37)"]
docs = ["Sphinx (>=4.2)", "furo (==2021.11.23)", "sphinx-autobuild (>=2021.3.14)", "sphinx-autodoc-typehints (>=1.12)", "dnspython (>=2.1)", "shapely (>=1.7)"]
pool = ["psycopg-pool"]
test = ["mypy (>=0.920,!=0.930,!=0.931)", "pproxy (>=2.7)", "pytest (>=6.2.5)", "pytest-asyncio (>=0.16,<0.17)", "pytest-cov (>=3.0)", "pytest-randomly (>=3.10)"]

[[package]]
name = "psycopg-binary"
version = "3.0.11"
description = "PostgreSQL database adapter for Python -- C optimisation distribution"
category = "main"
optional = false
python-versions = ">=3.6"

[[package]]
name = "python-dotenv"
version = "0.20.0"
description = "Read key-value pairs from a .env file and set them as environment variables"
category = "main"
optional = false
python-versions = ">=3.5"

[package.extras]
cli = ["click (>=5.0)"]

[[package]]
name = "tzdata"
version = "2022.1"
description = "Provider of IANA time zone data"
category = "main"
optional = false
python-versions = ">=2"

[metadata]
lock-version = "1.1"
python-versions = "^3.10"
content-hash = "9443c03778714dfb852e83f982d092fcacbbc67bd692c4f2e88db5c23247262d"

[metadata.files]
psycopg = [
    {file = "psycopg-3.0.11-py3-none-any.whl", hash = "sha256:8fcbac023ef84922e107645fa8e21b7dc3b0fec0ca49c4270b53d7e64fb08e5f"},
    {file = "psycopg-3.0.11.tar.gz", hash = "sha256:5dfe409eefc91890602dff18ee17b3815e803d48f87de48f3fa8587653a5a2fb"},
]
psycopg-binary = [
    {file = "psycopg_binary-3.0.11-cp310-cp310-macosx_10_9_x86_64.whl", hash = "sha256:904065539fa200241188c7ccd08c93de7e09f1cc083adc395e94e6f356eb5aa5"},
    {file = "psycopg_binary-3.0.11-cp310-cp310-manylinux_2_24_aarch64.whl", hash = "sha256:0240df886f675f7d309a9409bceb6ce84f9691f3a63c2bf0e5ddd67ded1584aa"},
    {file = "psycopg_binary-3.0.11-cp310-cp310-manylinux_2_24_i686.whl", hash = "sha256:7f9f7bba0f203d1465fd7e3f7faaafb23fdbe672c9edf8750a5fc355622126f8"},
    {file = "psycopg_binary-3.0.11-cp310-cp310-manylinux_2_24_ppc64le.whl", hash = "sha256:a90d931df4687c2331d4eafc61e274683b5e5abe68587a6d45ed4a90d3643927"},
    {file = "psycopg_binary-3.0.11-cp310-cp310-manylinux_2_24_x86_64.whl", hash = "sha256:3ef02023823c8968612d490c810f6a639595d5a63b9497cf3fa122faa58caad0"},
    {file = "psycopg_binary-3.0.11-cp310-cp310-musllinux_1_1_aarch64.whl", hash = "sha256:6a480c221d25e36602e8f13a707e03971d6692f4f9cd8f99c10a04ff6100df97"},
    {file = "psycopg_binary-3.0.11-cp310-cp310-musllinux_1_1_i686.whl", hash = "sha256:297b668e81b8f05cd427c1a127f4d0d1e935fb018dff37c0c1b90fb207e9b2c6"},
    {file = "psycopg_binary-3.0.11-cp310-cp310-musllinux_1_1_ppc64le.whl", hash = "sha256:d0ef0407d3df8e0811867e1d67c4f55fdd998182b10b2de3e97d5cb6214793ca"},
    {file = "psycopg_binary-3.0.11-cp310-cp310-musllinux_1_1_x86_64.whl", hash = "sha256:bb0dd0d48eb00c018a2ac0984fc4cc5404f060cf22c3034e3f488fd2eaf0a8fa"},
    {file = "psycopg_binary-3.0.11-cp310-cp310-win_amd64.whl", hash = "sha256:c543ce1c431e3d83041b860f1adbead1b0c67512198ae2f364d995284dc4ceba"},
    {file = "psycopg_binary-3.0.11-cp36-cp36m-macosx_10_9_x86_64.whl", hash = "sha256:27c2336cda22a6e8215499bd2c93b163982c4614d16745823af43f3d63b4b880"},
    {file = "psycopg_binary-3.0.11-cp36-cp36m-manylinux_2_24_aarch64.whl", hash = "sha256:9741e8d8c44a82075bb0b6bb8863a7ea8d9359f1d49b63d387b63faa9b14a880"},
    {file = "psycopg_binary-3.0.11-cp36-cp36m-manylinux_2_24_i686.whl", hash = "sha256:b6a9e823946174065e72e2d61052cb6fdbd19cf368fd48bda571ee994dce7937"},
    {file = "psycopg_binary-3.0.11-cp36-cp36m-manylinux_2_24_ppc64le.whl", hash = "sha256:47e9b9b59a8da7d32cc67266c6ffadde6d691f9d93c1fbdd3c5f842fb3e5d4ae"},
    {file = "psycopg_binary-3.0.11-cp36-cp36m-manylinux_2_24_x86_64.whl", hash = "sha256:a2b4facb2691b8cae829f58856ac8597abfc45c5d53dd8b77663aedd1e596aa2"},
    {file = "psycopg_binary-3.0.11-cp36-cp36m-musllinux_1_1_aarch64.whl", hash = "sha256:bfc0b6ea6fe148e3c4e1e2ad1ac9da5c9787df6b297c74b4adbab6290011023f"},
    {file = "psycopg_binary-3.0.11-cp36-cp36m-musllinux_1_1_i686.whl", hash = "sha256:eb07dab420f01166efe0fdfe293d5420f93329178d1260ddf3b01ec3330eb8ae"},
    {file = "psycopg_binary-3.0.11-cp36-cp36m-musllinux_1_1_ppc64le.whl", hash = "sha256:ca9969c31db6d90ac0df6cb631046696bdc7e15e8bfc67b2742200d9403d5830"},
    {file = "psycopg_binary-3.0.11-cp36-cp36m-musllinux_1_1_x86_64.whl", hash = "sha256:cef0a7a57c790f10928eff85ad9ee465efdf1ec83d243da5f210ea529aaed1dd"},
    {file = "psycopg_binary-3.0.11-cp36-cp36m-win_amd64.whl", hash = "sha256:0d8f641e93cdf0397baba24ff71d67f665fd8b5acb9df8e4da742ea03e889536"},
    {file = "psycopg_binary-3.0.11-cp37-cp37m-macosx_10_9_x86_64.whl", hash = "sha256:752c497c3604e62b53587b6610930601c7cea4ead98b770261ba5c036da2f13e"},
    {file = "psycopg_binary-3.0.11-cp37-cp37m-manylinux_2_24_aarch64.whl", hash = "sha256:2ebebb1d7afc34f0228abaa93035de0d00e8e2e5e3e26740d0efd569c6de9c98"},
    {file = "psycopg_binary-3.0.11-cp37-cp37m-manylinux_2_24_i686.whl", hash = "sha256:5aff0a00aeb1a63ccab2195ca36c11dba355101e586395f2f1c7fe17f85573a0"},
    {file = "psycopg_binary-3.0.11-cp37-cp37m-manylinux_2_24_ppc64le.whl", hash = "sha256:668c53b01e1f8761993f9d5440518785a6fb4ea767da46238baf27def25a95f5"},
    {file = "psycopg_binary-3.0.11-cp37-cp37m-manylinux_2_24_x86_64.whl", hash = "sha256:675788f475515bf395892799f04bc9f2628099ec31f637804a907f6e5f22082a"},
    {file = "psycopg_binary-3.0.11-cp37-cp37m-musllinux_1_1_aarch64.whl", hash = "sha256:b938d640ce19faab59eae0c9323ee01ad0f273eae85ddd1a62968aa81bd62d59"},
    {file = "psycopg_binary-3.0.11-cp37-cp37m-musllinux_1_1_i686.whl", hash = "sha256:f9d897d7742fdc2420ee2ef6e23d6119b162517de793187a5267e0565c9dad58"},
    {file = "psycopg_binary-3.0.11-cp37-cp37m-musllinux_1_1_ppc64le.whl", hash = "sha256:cdd6d4cb9b343f8a35438027473a74ae2294a7e83c7361777adaec496b30d53f"},
    {file = "psycopg_binary-3.0.11-cp37-cp37m-musllinux_1_1_x86_64.whl", hash = "sha256:b550e1eb44f63a93a8fe00a763b0d1be8564891fd4618069c9b59dc336fb3ffc"},
    {file = "psycopg_binary-3.0.11-cp37-cp37m-win_amd64.whl", hash = "sha256:5c0995633eb594a3360db6974a2db529959af2d44e1c11b9042b227a9b524ab8"},
    {file = "psycopg_binary-3.0.11-cp38-cp38-macosx_10_9_x86_64.whl", hash = "sha256:ec4c2c667f89942a611b3dfaa6944d278743a5c0ec9f1052b279f1d719e6dce3"},
    {file = "psycopg_binary-3.0.11-cp38-cp38-manylinux_2_24_aarch64.whl", hash = "sha256:dd83b90faac74938c3163221d8149598c4753f8f55de9d683d5f2bf3e047c857"},
    {file = "psycopg_binary-3.0.11-cp38-cp38-manylinux_2_24_i686.whl", hash = "sha256:2433dcdbae4e1255b3433f8d72b16e7dfe1baff170ba86967ce765dbb95c5b16"},
    {file = "psycopg_binary-3.0.11-cp38-cp38-manylinux_2_24_ppc64le.whl", hash = "sha256:7746afa8550993d93ca20c4170f72cd9d791067c07dc4e97c8685f24457f172d"},
    {file = "psycopg_binary-3.0.11-cp38-cp38-manylinux_2_24_x86_64.whl", hash = "sha256:664a734f703ff9479c910cb4e75d7973da4ec07aa6f87752a30826f0437f6190"},
    {file = "psycopg_binary-3.0.11-cp38-cp38-musllinux_1_1_aarch64.whl", hash = "sha256:4cd499e0e88ac5aa6dbb690f5aed4bdd977fc1861f1b1a221f00ef5603e51437"},
    {file = "psycopg_binary-3.0.11-cp38-cp38-musllinux_1_1_i686.whl", hash = "sha256:e723fa7981d30a4ec583aa5c2d8f3e709f0b6cd1953e0e5687cf97b79fcf765b"},
    {file = "psycopg_binary-3.0.11-cp38-cp38-musllinux_1_1_ppc64le.whl", hash = "sha256:0fbc49b68b27b8f7847a5975a729c0aa161dd03b83ca69e644cc3e84e464cdd2"},
    {file = "psycopg_binary-3.0.11-cp38-cp38-musllinux_1_1_x86_64.whl", hash = "sha256:39d529da991ac8d327da8aa4ba1de5698b4f685c97d8138c367dde823497979f"},
    {file = "psycopg_binary-3.0.11-cp38-cp38-win_amd64.whl", hash = "sha256:784023abdf4f14175114405f6fc4a4b47250c1f4e0c737dd96c96347deb9df28"},
    {file = "psycopg_binary-3.0.11-cp39-cp39-macosx_10_9_x86_64.whl", hash = "sha256:b62397015c5a3773ed336614e4091a7a303eb8ac4c1f35dcbf931c5b9148ef35"},
    {file = "psycopg_binary-3.0.11-cp39-cp39-manylinux_2_24_aarch64.whl", hash = "sha256:c6781a8834144c034d710681de6f9a6e33901d74b3ddf26bb6fb07bca91d37e0"},
    {file = "psycopg_binary-3.0.11-cp39-cp39-manylinux_2_24_i686.whl", hash = "sha256:710d30cad47b87246cabe086c393a87e10942460d3aaa7d176c8e3012eb73568"},
    {file = "psycopg_binary-3.0.11-cp39-cp39-manylinux_2_24_ppc64le.whl", hash = "sha256:e212b48cc00b2f442d270db30ec35f6d661057543050ba07f8f385aaf0ee914a"},
    {file = "psycopg_binary-3.0.11-cp39-cp39-manylinux_2_24_x86_64.whl", hash = "sha256:b2f8ff4a68a8366f0da5c2c43650861bffd82a69ed72e322ddd7b68664320e03"},
    {file = "psycopg_binary-3.0.11-cp39-cp39-musllinux_1_1_aarch64.whl", hash = "sha256:02160b18edf812e1816faadc9091238ceabe2b9d1cb7012458c3e61bb14ca7ea"},
    {file = "psycopg_binary-3.0.11-cp39-cp39-musllinux_1_1_i686.whl", hash = "sha256:c6273b2c3920a4b37bbba0a26c775c518f593105b04c9961ff929ba4f0f0c7d7"},
    {file = "psycopg_binary-3.0.11-cp39-cp39-musllinux_1_1_ppc64le.whl", hash = "sha256:91f9efc108c6662d68cddf61e35eddb098670bd82d9bcd89fc7d0ea9c72825f5"},
    {file = "psycopg_binary-3.0.11-cp39-cp39-musllinux_1_1_x86_64.whl", hash = "sha256:09c8bb0ab942d42230e238aa3862a8ad0e6467bcf22d992254a36bc0964f2cae"},
    {file = "psycopg_binary-3.0.11-cp39-cp39-win_amd64.whl", hash = "sha256:9c105799920c750f72ceafe5c3d5b78c8999f5f5ab1868b1788dd41306aeaeac"},
]
python-dotenv = [
    {file = "python-dotenv-0.20.0.tar.gz", hash = "sha256:b7e3b04a59693c42c36f9ab1cc2acc46fa5df8c78e178fc33a8d4cd05c8d498f"},
    {file = "python_dotenv-0.20.0-py3-none-any.whl", hash = "sha256:d92a187be61fe482e4fd675b6d52200e7be63a12b724abbf931a40ce4fa92938"},
]
tzdata = [
    {file = "tzdata-2022.1-py2.py3-none-any.whl", hash = "sha256:238e70234214138ed7b4e8a0fab0e5e13872edab3be586ab8198c407620e2ab9"},
    {file = "tzdata-2022.1.tar.gz", hash = "sha256:8b536a8ec63dc0751342b3984193a3118f8fca2afe25752bb9b7fffd398552d3"},
]
